
Microsoft Visual Studio Solution File, Format Version 12.00
# Visual Studio Version 17
VisualStudioVersion = 17.4.33205.214
MinimumVisualStudioVersion = 10.0.40219.1
Project("{9A19103F-16F7-4668-BE54-9A1E7A4F7556}") = "SalesOrderApp", "SalesOrderApp.csproj", "{27D53C1D-D124-4653-9732-884E1CEBC186}"
EndProject
Project("{FAE04EC0-301F-11D3-BF4B-00C04F79EFBC}") = "SalesOrderApp.Tests", "SalesOrderApp.Tests\SalesOrderApp.Tests.csproj", "{2BD7B11A-8E11-4B44-B854-E31C285E87B3}"
EndProject
Global
	GlobalSection(SolutionConfigurationPlatforms) = preSolution
		Debug|Any CPU = Debug|Any CPU
		Release|Any CPU = Release|Any CPU
	EndGlobalSection
	GlobalSection(ProjectConfigurationPlatforms) = postSolution
		{27D53C1D-D124-4653-9732-884E1CEBC186}.Debug|Any CPU.ActiveCfg = Debug|Any CPU
		{27D53C1D-D124-4653-9732-884E1CEBC186}.Debug|Any CPU.Build.0 = Debug|Any CPU
		{27D53C1D-D124-4653-9732-884E1CEBC186}.Release|Any CPU.ActiveCfg = Release|Any CPU
		{27D53C1D-D124-4653-9732-884E1CEBC186}.Release|Any CPU.Build.0 = Release|Any CPU
		{2BD7B11A-8E11-4B44-B854-E31C285E87B3}.Debug|Any CPU.ActiveCfg = Debug|Any CPU
		{2BD7B11A-8E11-4B44-B854-E31C285E87B3}.Debug|Any CPU.Build.0 = Debug|Any CPU
		{2BD7B11A-8E11-4B44-B854-E31C285E87B3}.Release|Any CPU.ActiveCfg = Release|Any CPU
		{2BD7B11A-8E11-4B44-B854-E31C285E87B3}.Release|Any CPU.Build.0 = Release|Any CPU
	EndGlobalSection
	GlobalSection(SolutionProperties) = preSolution
		HideSolutionNode = FALSE
	EndGlobalSection
	GlobalSection(ExtensibilityGlobals) = postSolution
		SolutionGuid = {23E55BF5-B939-4926-9FCD-2BF29975BA82}
	EndGlobalSection
EndGlobal
